<?xml version="1.0" encoding="utf-8"?>
<Project ToolsVersion="4.0" xmlns="http://schemas.microsoft.com/developer/msbuild/2003">
  <ItemGroup>
    <Filter Include="ソース ファイル">
      <UniqueIdentifier>{4FC737F1-C7A5-4376-A066-2A32D752A2FF}</UniqueIdentifier>
      <Extensions>cpp;c;cc;cxx;def;odl;idl;hpj;bat;asm;asmx</Extensions>
    </Filter>
    <Filter Include="ソース ファイル\Piece">
      <UniqueIdentifier>{386d0559-df23-4dba-906b-3c6438a7aeb5}</UniqueIdentifier>
    </Filter>
    <Filter Include="ソース ファイル\Draw">
      <UniqueIdentifier>{e6a600e0-4808-46a0-bfa8-eddea068b277}</UniqueIdentifier>
    </Filter>
    <Filter Include="ソース ファイル\Input">
      <UniqueIdentifier>{a8d288a3-9b54-4276-be1f-6ffbd1bc0430}</UniqueIdentifier>
    </Filter>
    <Filter Include="ソース ファイル\ShogiBoard">
      <UniqueIdentifier>{b5a91e26-dafc-42d7-84ee-27ca239d3e26}</UniqueIdentifier>
    </Filter>
    <Filter Include="ソース ファイル\Player">
      <UniqueIdentifier>{241c4385-d61d-44d2-bb61-5fa2b3dfe190}</UniqueIdentifier>
    </Filter>
    <Filter Include="ソース ファイル\ShogiGame">
      <UniqueIdentifier>{e9127e8e-7c85-4d9b-bf3e-b1dd267e1551}</UniqueIdentifier>
    </Filter>
  </ItemGroup>
  <ItemGroup>
    <ClCompile Include="Main.cpp">
      <Filter>ソース ファイル</Filter>
    </ClCompile>
    <ClCompile Include="PieceBase.cpp">
      <Filter>ソース ファイル\Piece</Filter>
    </ClCompile>
    <ClCompile Include="PawnPiece.cpp">
      <Filter>ソース ファイル\Piece</Filter>
    </ClCompile>
    <ClCompile Include="KingPiece.cpp">
      <Filter>ソース ファイル\Piece</Filter>
    </ClCompile>
    <ClCompile Include="GoldGeneralPiece.cpp">
      <Filter>ソース ファイル\Piece</Filter>
    </ClCompile>
    <ClCompile Include="DrawerBase.cpp">
      <Filter>ソース ファイル\Draw</Filter>
    </ClCompile>
    <ClCompile Include="DrawerManager.cpp">
      <Filter>ソース ファイル\Draw</Filter>
    </ClCompile>
    <ClCompile Include="ShogiDrawer.cpp">
      <Filter>ソース ファイル\Draw</Filter>
    </ClCompile>
    <ClCompile Include="Input.cpp">
      <Filter>ソース ファイル\Input</Filter>
    </ClCompile>
    <ClCompile Include="KnightPiece.cpp">
      <Filter>ソース ファイル\Piece</Filter>
    </ClCompile>
    <ClCompile Include="ShogiBoard.cpp">
      <Filter>ソース ファイル\ShogiBoard</Filter>
    </ClCompile>
    <ClCompile Include="Player1.cpp">
      <Filter>ソース ファイル\Player</Filter>
    </ClCompile>
    <ClCompile Include="Player2.cpp">
      <Filter>ソース ファイル\Player</Filter>
    </ClCompile>
    <ClCompile Include="PlayerBase.cpp">
      <Filter>ソース ファイル\Player</Filter>
    </ClCompile>
    <ClCompile Include="ShogiGame.cpp">
      <Filter>ソース ファイル\ShogiGame</Filter>
    </ClCompile>
  </ItemGroup>
  <ItemGroup>
    <ClInclude Include="Definition.h">
      <Filter>ソース ファイル</Filter>
    </ClInclude>
    <ClInclude Include="PieceBase.h">
      <Filter>ソース ファイル\Piece</Filter>
    </ClInclude>
    <ClInclude Include="PawnPiece.h">
      <Filter>ソース ファイル\Piece</Filter>
    </ClInclude>
    <ClInclude Include="KingPiece.h">
      <Filter>ソース ファイル\Piece</Filter>
    </ClInclude>
    <ClInclude Include="GoldGeneralPiece.h">
      <Filter>ソース ファイル\Piece</Filter>
    </ClInclude>
    <ClInclude Include="DrawerBase.h">
      <Filter>ソース ファイル\Draw</Filter>
    </ClInclude>
    <ClInclude Include="DrawerManager.h">
      <Filter>ソース ファイル\Draw</Filter>
    </ClInclude>
    <ClInclude Include="ShogiDrawer.h">
      <Filter>ソース ファイル\Draw</Filter>
    </ClInclude>
    <ClInclude Include="Input.h">
      <Filter>ソース ファイル\Input</Filter>
    </ClInclude>
    <ClInclude Include="KnightPiece.h">
      <Filter>ソース ファイル\Piece</Filter>
    </ClInclude>
    <ClInclude Include="ShogiBoard.h">
      <Filter>ソース ファイル\ShogiBoard</Filter>
    </ClInclude>
    <ClInclude Include="Player1.h">
      <Filter>ソース ファイル\Player</Filter>
    </ClInclude>
    <ClInclude Include="Player2.h">
      <Filter>ソース ファイル\Player</Filter>
    </ClInclude>
    <ClInclude Include="PlayerBase.h">
      <Filter>ソース ファイル\Player</Filter>
    </ClInclude>
    <ClInclude Include="ShogiGame.h">
      <Filter>ソース ファイル\ShogiGame</Filter>
    </ClInclude>
  </ItemGroup>
</Project>