<?xml version="1.0" encoding="utf-8"?>
<Project ToolsVersion="4.0" xmlns="http://schemas.microsoft.com/developer/msbuild/2003">
  <ItemGroup>
    <Filter Include="Src">
      <UniqueIdentifier>{cfa43589-92e7-4b78-a8ad-4823af408f67}</UniqueIdentifier>
    </Filter>
    <Filter Include="Src\Draw">
      <UniqueIdentifier>{020c73c5-870b-4ee2-b207-a4f7b838b02e}</UniqueIdentifier>
    </Filter>
  </ItemGroup>
  <ItemGroup>
    <ClCompile Include="Src\Main.cpp">
      <Filter>Src</Filter>
    </ClCompile>
    <ClCompile Include="Src\Draw\DrawerBase.cpp">
      <Filter>Src\Draw</Filter>
    </ClCompile>
    <ClCompile Include="Src\Draw\TronDrawer.cpp">
      <Filter>Src\Draw</Filter>
    </ClCompile>
    <ClCompile Include="Src\Draw\DrawerManager.cpp">
      <Filter>Src\Draw</Filter>
    </ClCompile>
  </ItemGroup>
  <ItemGroup>
    <ClInclude Include="Src\Draw\DrawerBase.h">
      <Filter>Src\Draw</Filter>
    </ClInclude>
    <ClInclude Include="Src\Draw\TronDrawer.h">
      <Filter>Src\Draw</Filter>
    </ClInclude>
    <ClInclude Include="Src\Draw\DrawerManager.h">
      <Filter>Src\Draw</Filter>
    </ClInclude>
    <ClInclude Include="Src\Definition.h">
      <Filter>Src</Filter>
    </ClInclude>
  </ItemGroup>
</Project>